
Microsoft Visual Studio Solution File, Format Version 12.00
# Visual Studio 14
VisualStudioVersion = 14.0.25420.1
MinimumVisualStudioVersion = 10.0.40219.1
Project("{8BC9CEB8-8B4A-11D0-8D11-00A0C91BC942}") = "Browser", "Browser\Browser.vcxproj", "{B12702AD-ABFB-343A-A199-8E24837244A3}"
	ProjectSection(ProjectDependencies) = postProject
		{F359068F-5042-4390-A788-91E17009B13A} = {F359068F-5042-4390-A788-91E17009B13A}
		{A15C1CDB-9898-4D4A-AC5D-801911C5C87B} = {A15C1CDB-9898-4D4A-AC5D-801911C5C87B}
	EndProjectSection
EndProject
Project("{8BC9CEB8-8B4A-11D0-8D11-00A0C91BC942}") = "Logger", "Logger\Logger.vcxproj", "{F359068F-5042-4390-A788-91E17009B13A}"
EndProject
Project("{2150E333-8FDC-42A3-9474-1A3956D46DE8}") = "Tools", "Tools", "{A4E3C2AB-BBAC-4301-A88A-BCCA73A3A1F2}"
EndProject
Project("{8BC9CEB8-8B4A-11D0-8D11-00A0C91BC942}") = "CameraInspector", "CameraInspector\CameraInspector.vcxproj", "{A15C1CDB-9898-4D4A-AC5D-801911C5C87B}"
EndProject
Project("{2150E333-8FDC-42A3-9474-1A3956D46DE8}") = "Solution Items", "Solution Items", "{8456BCEE-EB61-4ABF-88BB-F8FFACF97DFC}"
	ProjectSection(SolutionItems) = preProject
		NuGet.config = NuGet.config
	EndProjectSection
EndProject
Project("{8BC9CEB8-8B4A-11D0-8D11-00A0C91BC942}") = "CameraInspector_test", "Tools\CameraInspector_test\CameraInspector_test.vcxproj", "{966CF60D-A8AD-41A1-9790-EAFCB5F6100B}"
	ProjectSection(ProjectDependencies) = postProject
		{A15C1CDB-9898-4D4A-AC5D-801911C5C87B} = {A15C1CDB-9898-4D4A-AC5D-801911C5C87B}
	EndProjectSection
EndProject
Project("{8BC9CEB8-8B4A-11D0-8D11-00A0C91BC942}") = "LoggerTest", "Tools\LoggerTest\LoggerTest.vcxproj", "{64108125-7392-477D-89FF-FD804F4599EF}"
EndProject
Project("{8BC9CEB8-8B4A-11D0-8D11-00A0C91BC942}") = "Login", "Login\Login.vcxproj", "{ACD08B75-1253-4C23-961A-92A253BE36BD}"
EndProject
Project("{8BC9CEB8-8B4A-11D0-8D11-00A0C91BC942}") = "KeyDLL", "Keyboard\KeyDLL.vcxproj", "{277AF845-D118-4EF9-ACE5-0D3B70C85EFD}"
EndProject
Project("{8BC9CEB8-8B4A-11D0-8D11-00A0C91BC942}") = "DLL_test", "Tools\DLL_test\DLL_test.vcxproj", "{41719103-0C3A-4FE4-A536-86C1965F24EB}"
EndProject
Project("{8BC9CEB8-8B4A-11D0-8D11-00A0C91BC942}") = "HttpClient", "HttpClient\HttpClient.vcxproj", "{0CC6265F-6D69-47F4-B4F5-104E442EF01B}"
EndProject
Project("{8BC9CEB8-8B4A-11D0-8D11-00A0C91BC942}") = "HttpClien_test", "Tools\HttpClien_test\HttpClien_test.vcxproj", "{7A435297-FEAC-4443-A5A4-60F7F3E4F406}"
EndProject
Global
	GlobalSection(SolutionConfigurationPlatforms) = preSolution
		Debug|x64 = Debug|x64
		Debug|x86 = Debug|x86
		Release|x64 = Release|x64
		Release|x86 = Release|x86
	EndGlobalSection
	GlobalSection(ProjectConfigurationPlatforms) = postSolution
		{B12702AD-ABFB-343A-A199-8E24837244A3}.Debug|x64.ActiveCfg = Debug|Win32
		{B12702AD-ABFB-343A-A199-8E24837244A3}.Debug|x86.ActiveCfg = Debug|Win32
		{B12702AD-ABFB-343A-A199-8E24837244A3}.Debug|x86.Build.0 = Debug|Win32
		{B12702AD-ABFB-343A-A199-8E24837244A3}.Release|x64.ActiveCfg = Release|Win32
		{B12702AD-ABFB-343A-A199-8E24837244A3}.Release|x86.ActiveCfg = Release|Win32
		{B12702AD-ABFB-343A-A199-8E24837244A3}.Release|x86.Build.0 = Release|Win32
		{F359068F-5042-4390-A788-91E17009B13A}.Debug|x64.ActiveCfg = Debug|x64
		{F359068F-5042-4390-A788-91E17009B13A}.Debug|x64.Build.0 = Debug|x64
		{F359068F-5042-4390-A788-91E17009B13A}.Debug|x86.ActiveCfg = Debug|Win32
		{F359068F-5042-4390-A788-91E17009B13A}.Debug|x86.Build.0 = Debug|Win32
		{F359068F-5042-4390-A788-91E17009B13A}.Release|x64.ActiveCfg = Release|x64
		{F359068F-5042-4390-A788-91E17009B13A}.Release|x64.Build.0 = Release|x64
		{F359068F-5042-4390-A788-91E17009B13A}.Release|x86.ActiveCfg = Release|Win32
		{F359068F-5042-4390-A788-91E17009B13A}.Release|x86.Build.0 = Release|Win32
		{A15C1CDB-9898-4D4A-AC5D-801911C5C87B}.Debug|x64.ActiveCfg = Debug|x64
		{A15C1CDB-9898-4D4A-AC5D-801911C5C87B}.Debug|x64.Build.0 = Debug|x64
		{A15C1CDB-9898-4D4A-AC5D-801911C5C87B}.Debug|x86.ActiveCfg = Debug|Win32
		{A15C1CDB-9898-4D4A-AC5D-801911C5C87B}.Debug|x86.Build.0 = Debug|Win32
		{A15C1CDB-9898-4D4A-AC5D-801911C5C87B}.Release|x64.ActiveCfg = Release|x64
		{A15C1CDB-9898-4D4A-AC5D-801911C5C87B}.Release|x64.Build.0 = Release|x64
		{A15C1CDB-9898-4D4A-AC5D-801911C5C87B}.Release|x86.ActiveCfg = Release|Win32
		{A15C1CDB-9898-4D4A-AC5D-801911C5C87B}.Release|x86.Build.0 = Release|Win32
		{966CF60D-A8AD-41A1-9790-EAFCB5F6100B}.Debug|x64.ActiveCfg = Debug|x64
		{966CF60D-A8AD-41A1-9790-EAFCB5F6100B}.Debug|x64.Build.0 = Debug|x64
		{966CF60D-A8AD-41A1-9790-EAFCB5F6100B}.Debug|x86.ActiveCfg = Debug|Win32
		{966CF60D-A8AD-41A1-9790-EAFCB5F6100B}.Debug|x86.Build.0 = Debug|Win32
		{966CF60D-A8AD-41A1-9790-EAFCB5F6100B}.Release|x64.ActiveCfg = Release|x64
		{966CF60D-A8AD-41A1-9790-EAFCB5F6100B}.Release|x64.Build.0 = Release|x64
		{966CF60D-A8AD-41A1-9790-EAFCB5F6100B}.Release|x86.ActiveCfg = Release|Win32
		{966CF60D-A8AD-41A1-9790-EAFCB5F6100B}.Release|x86.Build.0 = Release|Win32
		{64108125-7392-477D-89FF-FD804F4599EF}.Debug|x64.ActiveCfg = Debug|x64
		{64108125-7392-477D-89FF-FD804F4599EF}.Debug|x64.Build.0 = Debug|x64
		{64108125-7392-477D-89FF-FD804F4599EF}.Debug|x86.ActiveCfg = Debug|Win32
		{64108125-7392-477D-89FF-FD804F4599EF}.Debug|x86.Build.0 = Debug|Win32
		{64108125-7392-477D-89FF-FD804F4599EF}.Release|x64.ActiveCfg = Release|x64
		{64108125-7392-477D-89FF-FD804F4599EF}.Release|x64.Build.0 = Release|x64
		{64108125-7392-477D-89FF-FD804F4599EF}.Release|x86.ActiveCfg = Release|Win32
		{64108125-7392-477D-89FF-FD804F4599EF}.Release|x86.Build.0 = Release|Win32
		{ACD08B75-1253-4C23-961A-92A253BE36BD}.Debug|x64.ActiveCfg = Debug|Win32
		{ACD08B75-1253-4C23-961A-92A253BE36BD}.Debug|x86.ActiveCfg = Debug|Win32
		{ACD08B75-1253-4C23-961A-92A253BE36BD}.Debug|x86.Build.0 = Debug|Win32
		{ACD08B75-1253-4C23-961A-92A253BE36BD}.Release|x64.ActiveCfg = Release|Win32
		{ACD08B75-1253-4C23-961A-92A253BE36BD}.Release|x86.ActiveCfg = Release|Win32
		{ACD08B75-1253-4C23-961A-92A253BE36BD}.Release|x86.Build.0 = Release|Win32
		{277AF845-D118-4EF9-ACE5-0D3B70C85EFD}.Debug|x64.ActiveCfg = Debug|x64
		{277AF845-D118-4EF9-ACE5-0D3B70C85EFD}.Debug|x64.Build.0 = Debug|x64
		{277AF845-D118-4EF9-ACE5-0D3B70C85EFD}.Debug|x86.ActiveCfg = Debug|Win32
		{277AF845-D118-4EF9-ACE5-0D3B70C85EFD}.Debug|x86.Build.0 = Debug|Win32
		{277AF845-D118-4EF9-ACE5-0D3B70C85EFD}.Release|x64.ActiveCfg = Release|x64
		{277AF845-D118-4EF9-ACE5-0D3B70C85EFD}.Release|x64.Build.0 = Release|x64
		{277AF845-D118-4EF9-ACE5-0D3B70C85EFD}.Release|x86.ActiveCfg = Release|Win32
		{277AF845-D118-4EF9-ACE5-0D3B70C85EFD}.Release|x86.Build.0 = Release|Win32
		{41719103-0C3A-4FE4-A536-86C1965F24EB}.Debug|x64.ActiveCfg = Debug|x64
		{41719103-0C3A-4FE4-A536-86C1965F24EB}.Debug|x64.Build.0 = Debug|x64
		{41719103-0C3A-4FE4-A536-86C1965F24EB}.Debug|x86.ActiveCfg = Debug|Win32
		{41719103-0C3A-4FE4-A536-86C1965F24EB}.Debug|x86.Build.0 = Debug|Win32
		{41719103-0C3A-4FE4-A536-86C1965F24EB}.Release|x64.ActiveCfg = Release|x64
		{41719103-0C3A-4FE4-A536-86C1965F24EB}.Release|x64.Build.0 = Release|x64
		{41719103-0C3A-4FE4-A536-86C1965F24EB}.Release|x86.ActiveCfg = Release|Win32
		{41719103-0C3A-4FE4-A536-86C1965F24EB}.Release|x86.Build.0 = Release|Win32
		{0CC6265F-6D69-47F4-B4F5-104E442EF01B}.Debug|x64.ActiveCfg = Debug|x64
		{0CC6265F-6D69-47F4-B4F5-104E442EF01B}.Debug|x64.Build.0 = Debug|x64
		{0CC6265F-6D69-47F4-B4F5-104E442EF01B}.Debug|x86.ActiveCfg = Debug|Win32
		{0CC6265F-6D69-47F4-B4F5-104E442EF01B}.Debug|x86.Build.0 = Debug|Win32
		{0CC6265F-6D69-47F4-B4F5-104E442EF01B}.Release|x64.ActiveCfg = Release|x64
		{0CC6265F-6D69-47F4-B4F5-104E442EF01B}.Release|x64.Build.0 = Release|x64
		{0CC6265F-6D69-47F4-B4F5-104E442EF01B}.Release|x86.ActiveCfg = Release|Win32
		{0CC6265F-6D69-47F4-B4F5-104E442EF01B}.Release|x86.Build.0 = Release|Win32
		{7A435297-FEAC-4443-A5A4-60F7F3E4F406}.Debug|x64.ActiveCfg = Debug|x64
		{7A435297-FEAC-4443-A5A4-60F7F3E4F406}.Debug|x64.Build.0 = Debug|x64
		{7A435297-FEAC-4443-A5A4-60F7F3E4F406}.Debug|x86.ActiveCfg = Debug|Win32
		{7A435297-FEAC-4443-A5A4-60F7F3E4F406}.Debug|x86.Build.0 = Debug|Win32
		{7A435297-FEAC-4443-A5A4-60F7F3E4F406}.Release|x64.ActiveCfg = Release|x64
		{7A435297-FEAC-4443-A5A4-60F7F3E4F406}.Release|x64.Build.0 = Release|x64
		{7A435297-FEAC-4443-A5A4-60F7F3E4F406}.Release|x86.ActiveCfg = Release|Win32
		{7A435297-FEAC-4443-A5A4-60F7F3E4F406}.Release|x86.Build.0 = Release|Win32
	EndGlobalSection
	GlobalSection(SolutionProperties) = preSolution
		HideSolutionNode = FALSE
	EndGlobalSection
	GlobalSection(NestedProjects) = preSolution
		{966CF60D-A8AD-41A1-9790-EAFCB5F6100B} = {A4E3C2AB-BBAC-4301-A88A-BCCA73A3A1F2}
		{64108125-7392-477D-89FF-FD804F4599EF} = {A4E3C2AB-BBAC-4301-A88A-BCCA73A3A1F2}
		{41719103-0C3A-4FE4-A536-86C1965F24EB} = {A4E3C2AB-BBAC-4301-A88A-BCCA73A3A1F2}
		{7A435297-FEAC-4443-A5A4-60F7F3E4F406} = {A4E3C2AB-BBAC-4301-A88A-BCCA73A3A1F2}
	EndGlobalSection
EndGlobal
