
Microsoft Visual Studio Solution File, Format Version 12.00
# Visual Studio 14
VisualStudioVersion = 14.0.25420.1
MinimumVisualStudioVersion = 10.0.40219.1
Project("{8BC9CEB8-8B4A-11D0-8D11-00A0C91BC942}") = "Browser", "Browser\Browser.vcxproj", "{B12702AD-ABFB-343A-A199-8E24837244A3}"
	ProjectSection(ProjectDependencies) = postProject
		{88B06B02-6934-43AB-9C97-A366835F081C} = {88B06B02-6934-43AB-9C97-A366835F081C}
		{59BFBD5A-82EA-48A1-B09A-E5BEA0311F48} = {59BFBD5A-82EA-48A1-B09A-E5BEA0311F48}
		{0CC6265F-6D69-47F4-B4F5-104E442EF01B} = {0CC6265F-6D69-47F4-B4F5-104E442EF01B}
		{B8AACB73-C442-429D-917E-4A320DFF78B0} = {B8AACB73-C442-429D-917E-4A320DFF78B0}
		{F359068F-5042-4390-A788-91E17009B13A} = {F359068F-5042-4390-A788-91E17009B13A}
		{3C6B4EB3-7FBF-4D54-8098-D8CB1E02573C} = {3C6B4EB3-7FBF-4D54-8098-D8CB1E02573C}
		{2DB890C3-1523-4553-B808-DE0B147369BB} = {2DB890C3-1523-4553-B808-DE0B147369BB}
		{A15C1CDB-9898-4D4A-AC5D-801911C5C87B} = {A15C1CDB-9898-4D4A-AC5D-801911C5C87B}
	EndProjectSection
EndProject
Project("{8BC9CEB8-8B4A-11D0-8D11-00A0C91BC942}") = "Logger", "Logger\Logger.vcxproj", "{F359068F-5042-4390-A788-91E17009B13A}"
	ProjectSection(ProjectDependencies) = postProject
		{3C6B4EB3-7FBF-4D54-8098-D8CB1E02573C} = {3C6B4EB3-7FBF-4D54-8098-D8CB1E02573C}
	EndProjectSection
EndProject
Project("{2150E333-8FDC-42A3-9474-1A3956D46DE8}") = "Tools", "Tools", "{A4E3C2AB-BBAC-4301-A88A-BCCA73A3A1F2}"
EndProject
Project("{8BC9CEB8-8B4A-11D0-8D11-00A0C91BC942}") = "CameraInspector", "CameraInspector\CameraInspector.vcxproj", "{A15C1CDB-9898-4D4A-AC5D-801911C5C87B}"
	ProjectSection(ProjectDependencies) = postProject
		{F359068F-5042-4390-A788-91E17009B13A} = {F359068F-5042-4390-A788-91E17009B13A}
	EndProjectSection
EndProject
Project("{2150E333-8FDC-42A3-9474-1A3956D46DE8}") = "Solution Items", "Solution Items", "{8456BCEE-EB61-4ABF-88BB-F8FFACF97DFC}"
	ProjectSection(SolutionItems) = preProject
		NuGet.config = NuGet.config
	EndProjectSection
EndProject
Project("{8BC9CEB8-8B4A-11D0-8D11-00A0C91BC942}") = "CameraInspector_test", "Tools\CameraInspector_test\CameraInspector_test.vcxproj", "{966CF60D-A8AD-41A1-9790-EAFCB5F6100B}"
	ProjectSection(ProjectDependencies) = postProject
		{A15C1CDB-9898-4D4A-AC5D-801911C5C87B} = {A15C1CDB-9898-4D4A-AC5D-801911C5C87B}
	EndProjectSection
EndProject
Project("{8BC9CEB8-8B4A-11D0-8D11-00A0C91BC942}") = "LoggerTest", "Tools\LoggerTest\LoggerTest.vcxproj", "{64108125-7392-477D-89FF-FD804F4599EF}"
EndProject
Project("{8BC9CEB8-8B4A-11D0-8D11-00A0C91BC942}") = "HttpClient", "HttpClient\HttpClient.vcxproj", "{0CC6265F-6D69-47F4-B4F5-104E442EF01B}"
	ProjectSection(ProjectDependencies) = postProject
		{F359068F-5042-4390-A788-91E17009B13A} = {F359068F-5042-4390-A788-91E17009B13A}
	EndProjectSection
EndProject
Project("{8BC9CEB8-8B4A-11D0-8D11-00A0C91BC942}") = "HttpClien_test", "Tools\HttpClien_test\HttpClien_test.vcxproj", "{7A435297-FEAC-4443-A5A4-60F7F3E4F406}"
	ProjectSection(ProjectDependencies) = postProject
		{0CC6265F-6D69-47F4-B4F5-104E442EF01B} = {0CC6265F-6D69-47F4-B4F5-104E442EF01B}
	EndProjectSection
EndProject
Project("{8BC9CEB8-8B4A-11D0-8D11-00A0C91BC942}") = "KeyboardInspectorTester", "Tools\KeyboardInspectorTester\KeyboardInspectorTester.vcxproj", "{2B2EF9F3-FB73-42EC-BC54-C57917F71664}"
	ProjectSection(ProjectDependencies) = postProject
		{88B06B02-6934-43AB-9C97-A366835F081C} = {88B06B02-6934-43AB-9C97-A366835F081C}
	EndProjectSection
EndProject
Project("{8BC9CEB8-8B4A-11D0-8D11-00A0C91BC942}") = "KeyboardInspector", "KeyboardInspector\KeyboardInspector.vcxproj", "{88B06B02-6934-43AB-9C97-A366835F081C}"
	ProjectSection(ProjectDependencies) = postProject
		{F359068F-5042-4390-A788-91E17009B13A} = {F359068F-5042-4390-A788-91E17009B13A}
	EndProjectSection
EndProject
Project("{2150E333-8FDC-42A3-9474-1A3956D46DE8}") = "Utils", "Utils", "{73BCFE26-F7C8-4FCB-8D10-7F561A661F18}"
EndProject
Project("{8BC9CEB8-8B4A-11D0-8D11-00A0C91BC942}") = "Utils", "Utils\Utils.vcxproj", "{3C6B4EB3-7FBF-4D54-8098-D8CB1E02573C}"
EndProject
Project("{8BC9CEB8-8B4A-11D0-8D11-00A0C91BC942}") = "WebCamAPI_test", "Tools\WebCamAPI_test\WebCamAPI_test.vcxproj", "{2002859E-C332-470D-AF05-9C4D39D926FF}"
	ProjectSection(ProjectDependencies) = postProject
		{A15C1CDB-9898-4D4A-AC5D-801911C5C87B} = {A15C1CDB-9898-4D4A-AC5D-801911C5C87B}
	EndProjectSection
EndProject
Project("{8BC9CEB8-8B4A-11D0-8D11-00A0C91BC942}") = "SessionInspector", "SessionInspector\SessionInspector.vcxproj", "{59BFBD5A-82EA-48A1-B09A-E5BEA0311F48}"
	ProjectSection(ProjectDependencies) = postProject
		{F359068F-5042-4390-A788-91E17009B13A} = {F359068F-5042-4390-A788-91E17009B13A}
	EndProjectSection
EndProject
Project("{8BC9CEB8-8B4A-11D0-8D11-00A0C91BC942}") = "SessionInspectorTest", "Tools\SessionInspectorTest\SessionInspectorTest.vcxproj", "{F21C6391-29B6-4776-8D86-1353040C5448}"
	ProjectSection(ProjectDependencies) = postProject
		{59BFBD5A-82EA-48A1-B09A-E5BEA0311F48} = {59BFBD5A-82EA-48A1-B09A-E5BEA0311F48}
	EndProjectSection
EndProject
Project("{8BC9CEB8-8B4A-11D0-8D11-00A0C91BC942}") = "WI", "WI\WI.vcxproj", "{B8AACB73-C442-429D-917E-4A320DFF78B0}"
	ProjectSection(ProjectDependencies) = postProject
		{F359068F-5042-4390-A788-91E17009B13A} = {F359068F-5042-4390-A788-91E17009B13A}
	EndProjectSection
EndProject
Project("{8BC9CEB8-8B4A-11D0-8D11-00A0C91BC942}") = "WindowsInspector_test", "Tools\WindowsInspector_test\WindowsInspector_test.vcxproj", "{71918B5C-5D74-4997-A43E-BECA3D6A8F0A}"
	ProjectSection(ProjectDependencies) = postProject
		{B8AACB73-C442-429D-917E-4A320DFF78B0} = {B8AACB73-C442-429D-917E-4A320DFF78B0}
	EndProjectSection
EndProject
Project("{8BC9CEB8-8B4A-11D0-8D11-00A0C91BC942}") = "Startup", "Startup\Startup.vcxproj", "{27550FA1-283D-465B-B83F-54ADAECE36FF}"
	ProjectSection(ProjectDependencies) = postProject
		{B12702AD-ABFB-343A-A199-8E24837244A3} = {B12702AD-ABFB-343A-A199-8E24837244A3}
	EndProjectSection
EndProject
Project("{2150E333-8FDC-42A3-9474-1A3956D46DE8}") = "Installer", "Installer", "{EC7267EA-4D17-42D4-A0FB-89ADB287A33C}"
EndProject
Project("{930C7802-8A8C-48F9-8165-68863BCCD9DD}") = "SecureBrowserInstaller", "Installer\SecureBrowserInstaller\SecureBrowserInstaller.wixproj", "{12E25421-CC1B-491F-BB87-2EB4990B7D28}"
	ProjectSection(ProjectDependencies) = postProject
		{27550FA1-283D-465B-B83F-54ADAECE36FF} = {27550FA1-283D-465B-B83F-54ADAECE36FF}
	EndProjectSection
EndProject
Project("{8BC9CEB8-8B4A-11D0-8D11-00A0C91BC942}") = "LoginDialog_test", "Tools\LoginDialog_test\LoginDialog_test.vcxproj", "{A85A624A-E048-42E1-874A-0A256EEF1987}"
	ProjectSection(ProjectDependencies) = postProject
		{2DB890C3-1523-4553-B808-DE0B147369BB} = {2DB890C3-1523-4553-B808-DE0B147369BB}
	EndProjectSection
EndProject
Project("{8BC9CEB8-8B4A-11D0-8D11-00A0C91BC942}") = "LoginDialog", "LoginDialog\LoginDialog.vcxproj", "{2DB890C3-1523-4553-B808-DE0B147369BB}"
	ProjectSection(ProjectDependencies) = postProject
		{0CC6265F-6D69-47F4-B4F5-104E442EF01B} = {0CC6265F-6D69-47F4-B4F5-104E442EF01B}
		{F359068F-5042-4390-A788-91E17009B13A} = {F359068F-5042-4390-A788-91E17009B13A}
		{A15C1CDB-9898-4D4A-AC5D-801911C5C87B} = {A15C1CDB-9898-4D4A-AC5D-801911C5C87B}
	EndProjectSection
EndProject
Global
	GlobalSection(SolutionConfigurationPlatforms) = preSolution
		Debug|x64 = Debug|x64
		Debug|x86 = Debug|x86
		Release|x64 = Release|x64
		Release|x86 = Release|x86
	EndGlobalSection
	GlobalSection(ProjectConfigurationPlatforms) = postSolution
		{B12702AD-ABFB-343A-A199-8E24837244A3}.Debug|x64.ActiveCfg = Debug|Win32
		{B12702AD-ABFB-343A-A199-8E24837244A3}.Debug|x86.ActiveCfg = Debug|Win32
		{B12702AD-ABFB-343A-A199-8E24837244A3}.Debug|x86.Build.0 = Debug|Win32
		{B12702AD-ABFB-343A-A199-8E24837244A3}.Release|x64.ActiveCfg = Release|Win32
		{B12702AD-ABFB-343A-A199-8E24837244A3}.Release|x86.ActiveCfg = Release|Win32
		{B12702AD-ABFB-343A-A199-8E24837244A3}.Release|x86.Build.0 = Release|Win32
		{F359068F-5042-4390-A788-91E17009B13A}.Debug|x64.ActiveCfg = Debug|Win32
		{F359068F-5042-4390-A788-91E17009B13A}.Debug|x86.ActiveCfg = Debug|Win32
		{F359068F-5042-4390-A788-91E17009B13A}.Debug|x86.Build.0 = Debug|Win32
		{F359068F-5042-4390-A788-91E17009B13A}.Release|x64.ActiveCfg = Release|Win32
		{F359068F-5042-4390-A788-91E17009B13A}.Release|x86.ActiveCfg = Release|Win32
		{F359068F-5042-4390-A788-91E17009B13A}.Release|x86.Build.0 = Release|Win32
		{A15C1CDB-9898-4D4A-AC5D-801911C5C87B}.Debug|x64.ActiveCfg = Debug|Win32
		{A15C1CDB-9898-4D4A-AC5D-801911C5C87B}.Debug|x86.ActiveCfg = Debug|Win32
		{A15C1CDB-9898-4D4A-AC5D-801911C5C87B}.Debug|x86.Build.0 = Debug|Win32
		{A15C1CDB-9898-4D4A-AC5D-801911C5C87B}.Release|x64.ActiveCfg = Release|Win32
		{A15C1CDB-9898-4D4A-AC5D-801911C5C87B}.Release|x86.ActiveCfg = Release|Win32
		{A15C1CDB-9898-4D4A-AC5D-801911C5C87B}.Release|x86.Build.0 = Release|Win32
		{966CF60D-A8AD-41A1-9790-EAFCB5F6100B}.Debug|x64.ActiveCfg = Debug|Win32
		{966CF60D-A8AD-41A1-9790-EAFCB5F6100B}.Debug|x86.ActiveCfg = Debug|Win32
		{966CF60D-A8AD-41A1-9790-EAFCB5F6100B}.Debug|x86.Build.0 = Debug|Win32
		{966CF60D-A8AD-41A1-9790-EAFCB5F6100B}.Release|x64.ActiveCfg = Debug|Win32
		{966CF60D-A8AD-41A1-9790-EAFCB5F6100B}.Release|x64.Build.0 = Debug|Win32
		{966CF60D-A8AD-41A1-9790-EAFCB5F6100B}.Release|x86.ActiveCfg = Debug|Win32
		{966CF60D-A8AD-41A1-9790-EAFCB5F6100B}.Release|x86.Build.0 = Debug|Win32
		{64108125-7392-477D-89FF-FD804F4599EF}.Debug|x64.ActiveCfg = Debug|Win32
		{64108125-7392-477D-89FF-FD804F4599EF}.Debug|x86.ActiveCfg = Debug|Win32
		{64108125-7392-477D-89FF-FD804F4599EF}.Debug|x86.Build.0 = Debug|Win32
		{64108125-7392-477D-89FF-FD804F4599EF}.Release|x64.ActiveCfg = Debug|Win32
		{64108125-7392-477D-89FF-FD804F4599EF}.Release|x64.Build.0 = Debug|Win32
		{64108125-7392-477D-89FF-FD804F4599EF}.Release|x86.ActiveCfg = Debug|Win32
		{64108125-7392-477D-89FF-FD804F4599EF}.Release|x86.Build.0 = Debug|Win32
		{0CC6265F-6D69-47F4-B4F5-104E442EF01B}.Debug|x64.ActiveCfg = Debug|Win32
		{0CC6265F-6D69-47F4-B4F5-104E442EF01B}.Debug|x86.ActiveCfg = Debug|Win32
		{0CC6265F-6D69-47F4-B4F5-104E442EF01B}.Debug|x86.Build.0 = Debug|Win32
		{0CC6265F-6D69-47F4-B4F5-104E442EF01B}.Release|x64.ActiveCfg = Release|Win32
		{0CC6265F-6D69-47F4-B4F5-104E442EF01B}.Release|x86.ActiveCfg = Release|Win32
		{0CC6265F-6D69-47F4-B4F5-104E442EF01B}.Release|x86.Build.0 = Release|Win32
		{7A435297-FEAC-4443-A5A4-60F7F3E4F406}.Debug|x64.ActiveCfg = Debug|Win32
		{7A435297-FEAC-4443-A5A4-60F7F3E4F406}.Debug|x86.ActiveCfg = Debug|Win32
		{7A435297-FEAC-4443-A5A4-60F7F3E4F406}.Debug|x86.Build.0 = Debug|Win32
		{7A435297-FEAC-4443-A5A4-60F7F3E4F406}.Release|x64.ActiveCfg = Debug|Win32
		{7A435297-FEAC-4443-A5A4-60F7F3E4F406}.Release|x64.Build.0 = Debug|Win32
		{7A435297-FEAC-4443-A5A4-60F7F3E4F406}.Release|x86.ActiveCfg = Debug|Win32
		{7A435297-FEAC-4443-A5A4-60F7F3E4F406}.Release|x86.Build.0 = Debug|Win32
		{2B2EF9F3-FB73-42EC-BC54-C57917F71664}.Debug|x64.ActiveCfg = Debug|Win32
		{2B2EF9F3-FB73-42EC-BC54-C57917F71664}.Debug|x86.ActiveCfg = Debug|Win32
		{2B2EF9F3-FB73-42EC-BC54-C57917F71664}.Debug|x86.Build.0 = Debug|Win32
		{2B2EF9F3-FB73-42EC-BC54-C57917F71664}.Release|x64.ActiveCfg = Debug|Win32
		{2B2EF9F3-FB73-42EC-BC54-C57917F71664}.Release|x64.Build.0 = Debug|Win32
		{2B2EF9F3-FB73-42EC-BC54-C57917F71664}.Release|x86.ActiveCfg = Debug|Win32
		{2B2EF9F3-FB73-42EC-BC54-C57917F71664}.Release|x86.Build.0 = Debug|Win32
		{88B06B02-6934-43AB-9C97-A366835F081C}.Debug|x64.ActiveCfg = Debug|Win32
		{88B06B02-6934-43AB-9C97-A366835F081C}.Debug|x86.ActiveCfg = Debug|Win32
		{88B06B02-6934-43AB-9C97-A366835F081C}.Debug|x86.Build.0 = Debug|Win32
		{88B06B02-6934-43AB-9C97-A366835F081C}.Release|x64.ActiveCfg = Release|Win32
		{88B06B02-6934-43AB-9C97-A366835F081C}.Release|x86.ActiveCfg = Release|Win32
		{88B06B02-6934-43AB-9C97-A366835F081C}.Release|x86.Build.0 = Release|Win32
		{3C6B4EB3-7FBF-4D54-8098-D8CB1E02573C}.Debug|x64.ActiveCfg = Debug|Win32
		{3C6B4EB3-7FBF-4D54-8098-D8CB1E02573C}.Debug|x86.ActiveCfg = Debug|Win32
		{3C6B4EB3-7FBF-4D54-8098-D8CB1E02573C}.Debug|x86.Build.0 = Debug|Win32
		{3C6B4EB3-7FBF-4D54-8098-D8CB1E02573C}.Release|x64.ActiveCfg = Release|Win32
		{3C6B4EB3-7FBF-4D54-8098-D8CB1E02573C}.Release|x86.ActiveCfg = Release|Win32
		{3C6B4EB3-7FBF-4D54-8098-D8CB1E02573C}.Release|x86.Build.0 = Release|Win32
		{2002859E-C332-470D-AF05-9C4D39D926FF}.Debug|x64.ActiveCfg = Debug|Win32
		{2002859E-C332-470D-AF05-9C4D39D926FF}.Debug|x86.ActiveCfg = Debug|Win32
		{2002859E-C332-470D-AF05-9C4D39D926FF}.Debug|x86.Build.0 = Debug|Win32
		{2002859E-C332-470D-AF05-9C4D39D926FF}.Release|x64.ActiveCfg = Debug|Win32
		{2002859E-C332-470D-AF05-9C4D39D926FF}.Release|x64.Build.0 = Debug|Win32
		{2002859E-C332-470D-AF05-9C4D39D926FF}.Release|x86.ActiveCfg = Debug|Win32
		{2002859E-C332-470D-AF05-9C4D39D926FF}.Release|x86.Build.0 = Debug|Win32
		{59BFBD5A-82EA-48A1-B09A-E5BEA0311F48}.Debug|x64.ActiveCfg = Debug|Win32
		{59BFBD5A-82EA-48A1-B09A-E5BEA0311F48}.Debug|x86.ActiveCfg = Debug|Win32
		{59BFBD5A-82EA-48A1-B09A-E5BEA0311F48}.Debug|x86.Build.0 = Debug|Win32
		{59BFBD5A-82EA-48A1-B09A-E5BEA0311F48}.Release|x64.ActiveCfg = Release|Win32
		{59BFBD5A-82EA-48A1-B09A-E5BEA0311F48}.Release|x86.ActiveCfg = Release|Win32
		{59BFBD5A-82EA-48A1-B09A-E5BEA0311F48}.Release|x86.Build.0 = Release|Win32
		{F21C6391-29B6-4776-8D86-1353040C5448}.Debug|x64.ActiveCfg = Debug|Win32
		{F21C6391-29B6-4776-8D86-1353040C5448}.Debug|x86.ActiveCfg = Debug|Win32
		{F21C6391-29B6-4776-8D86-1353040C5448}.Debug|x86.Build.0 = Debug|Win32
		{F21C6391-29B6-4776-8D86-1353040C5448}.Release|x64.ActiveCfg = Debug|Win32
		{F21C6391-29B6-4776-8D86-1353040C5448}.Release|x64.Build.0 = Debug|Win32
		{F21C6391-29B6-4776-8D86-1353040C5448}.Release|x86.ActiveCfg = Debug|Win32
		{F21C6391-29B6-4776-8D86-1353040C5448}.Release|x86.Build.0 = Debug|Win32
		{B8AACB73-C442-429D-917E-4A320DFF78B0}.Debug|x64.ActiveCfg = Debug|Win32
		{B8AACB73-C442-429D-917E-4A320DFF78B0}.Debug|x86.ActiveCfg = Debug|Win32
		{B8AACB73-C442-429D-917E-4A320DFF78B0}.Debug|x86.Build.0 = Debug|Win32
		{B8AACB73-C442-429D-917E-4A320DFF78B0}.Release|x64.ActiveCfg = Release|Win32
		{B8AACB73-C442-429D-917E-4A320DFF78B0}.Release|x86.ActiveCfg = Release|Win32
		{B8AACB73-C442-429D-917E-4A320DFF78B0}.Release|x86.Build.0 = Release|Win32
		{71918B5C-5D74-4997-A43E-BECA3D6A8F0A}.Debug|x64.ActiveCfg = Debug|Win32
		{71918B5C-5D74-4997-A43E-BECA3D6A8F0A}.Debug|x86.ActiveCfg = Debug|Win32
		{71918B5C-5D74-4997-A43E-BECA3D6A8F0A}.Debug|x86.Build.0 = Debug|Win32
		{71918B5C-5D74-4997-A43E-BECA3D6A8F0A}.Release|x64.ActiveCfg = Debug|Win32
		{71918B5C-5D74-4997-A43E-BECA3D6A8F0A}.Release|x64.Build.0 = Debug|Win32
		{71918B5C-5D74-4997-A43E-BECA3D6A8F0A}.Release|x86.ActiveCfg = Debug|Win32
		{71918B5C-5D74-4997-A43E-BECA3D6A8F0A}.Release|x86.Build.0 = Debug|Win32
		{27550FA1-283D-465B-B83F-54ADAECE36FF}.Debug|x64.ActiveCfg = Debug|Win32
		{27550FA1-283D-465B-B83F-54ADAECE36FF}.Debug|x86.ActiveCfg = Debug|Win32
		{27550FA1-283D-465B-B83F-54ADAECE36FF}.Debug|x86.Build.0 = Debug|Win32
		{27550FA1-283D-465B-B83F-54ADAECE36FF}.Release|x64.ActiveCfg = Release|Win32
		{27550FA1-283D-465B-B83F-54ADAECE36FF}.Release|x86.ActiveCfg = Release|Win32
		{27550FA1-283D-465B-B83F-54ADAECE36FF}.Release|x86.Build.0 = Release|Win32
		{12E25421-CC1B-491F-BB87-2EB4990B7D28}.Debug|x64.ActiveCfg = Debug|x86
		{12E25421-CC1B-491F-BB87-2EB4990B7D28}.Debug|x86.ActiveCfg = Debug|x86
		{12E25421-CC1B-491F-BB87-2EB4990B7D28}.Debug|x86.Build.0 = Debug|x86
		{12E25421-CC1B-491F-BB87-2EB4990B7D28}.Release|x64.ActiveCfg = Release|x86
		{12E25421-CC1B-491F-BB87-2EB4990B7D28}.Release|x86.ActiveCfg = Release|x86
		{12E25421-CC1B-491F-BB87-2EB4990B7D28}.Release|x86.Build.0 = Release|x86
		{A85A624A-E048-42E1-874A-0A256EEF1987}.Debug|x64.ActiveCfg = Debug|Win32
		{A85A624A-E048-42E1-874A-0A256EEF1987}.Debug|x86.ActiveCfg = Debug|Win32
		{A85A624A-E048-42E1-874A-0A256EEF1987}.Debug|x86.Build.0 = Debug|Win32
		{A85A624A-E048-42E1-874A-0A256EEF1987}.Release|x64.ActiveCfg = Debug|Win32
		{A85A624A-E048-42E1-874A-0A256EEF1987}.Release|x64.Build.0 = Debug|Win32
		{A85A624A-E048-42E1-874A-0A256EEF1987}.Release|x86.ActiveCfg = Debug|Win32
		{A85A624A-E048-42E1-874A-0A256EEF1987}.Release|x86.Build.0 = Debug|Win32
		{2DB890C3-1523-4553-B808-DE0B147369BB}.Debug|x64.ActiveCfg = Debug|Win32
		{2DB890C3-1523-4553-B808-DE0B147369BB}.Debug|x86.ActiveCfg = Debug|Win32
		{2DB890C3-1523-4553-B808-DE0B147369BB}.Debug|x86.Build.0 = Debug|Win32
		{2DB890C3-1523-4553-B808-DE0B147369BB}.Release|x64.ActiveCfg = Release|Win32
		{2DB890C3-1523-4553-B808-DE0B147369BB}.Release|x86.ActiveCfg = Release|Win32
		{2DB890C3-1523-4553-B808-DE0B147369BB}.Release|x86.Build.0 = Release|Win32
	EndGlobalSection
	GlobalSection(SolutionProperties) = preSolution
		HideSolutionNode = FALSE
	EndGlobalSection
	GlobalSection(NestedProjects) = preSolution
		{966CF60D-A8AD-41A1-9790-EAFCB5F6100B} = {A4E3C2AB-BBAC-4301-A88A-BCCA73A3A1F2}
		{64108125-7392-477D-89FF-FD804F4599EF} = {A4E3C2AB-BBAC-4301-A88A-BCCA73A3A1F2}
		{7A435297-FEAC-4443-A5A4-60F7F3E4F406} = {A4E3C2AB-BBAC-4301-A88A-BCCA73A3A1F2}
		{2B2EF9F3-FB73-42EC-BC54-C57917F71664} = {A4E3C2AB-BBAC-4301-A88A-BCCA73A3A1F2}
		{3C6B4EB3-7FBF-4D54-8098-D8CB1E02573C} = {73BCFE26-F7C8-4FCB-8D10-7F561A661F18}
		{2002859E-C332-470D-AF05-9C4D39D926FF} = {A4E3C2AB-BBAC-4301-A88A-BCCA73A3A1F2}
		{F21C6391-29B6-4776-8D86-1353040C5448} = {A4E3C2AB-BBAC-4301-A88A-BCCA73A3A1F2}
		{71918B5C-5D74-4997-A43E-BECA3D6A8F0A} = {A4E3C2AB-BBAC-4301-A88A-BCCA73A3A1F2}
		{12E25421-CC1B-491F-BB87-2EB4990B7D28} = {EC7267EA-4D17-42D4-A0FB-89ADB287A33C}
		{A85A624A-E048-42E1-874A-0A256EEF1987} = {A4E3C2AB-BBAC-4301-A88A-BCCA73A3A1F2}
	EndGlobalSection
EndGlobal
